
Microsoft Visual Studio Solution File, Format Version 12.00
# Visual Studio Version 16
VisualStudioVersion = 16.0.30804.86
MinimumVisualStudioVersion = 10.0.40219.1
Project("{9A19103F-16F7-4668-BE54-9A1E7A4F7556}") = "VehicleTrackingSystem.API", "VehicleTrackingSystem.API\VehicleTrackingSystem.API.csproj", "{657D1DA8-4379-424C-B920-3F958568B89E}"
EndProject
Project("{9A19103F-16F7-4668-BE54-9A1E7A4F7556}") = "VehicleTrackingSystem.Domain", "VehicleTrackingSystem.Domain\VehicleTrackingSystem.Domain.csproj", "{4BBF4304-0988-4D94-90D2-7537CE5D0823}"
EndProject
Global
	GlobalSection(SolutionConfigurationPlatforms) = preSolution
		Debug|Any CPU = Debug|Any CPU
		Release|Any CPU = Release|Any CPU
	EndGlobalSection
	GlobalSection(ProjectConfigurationPlatforms) = postSolution
		{657D1DA8-4379-424C-B920-3F958568B89E}.Debug|Any CPU.ActiveCfg = Debug|Any CPU
		{657D1DA8-4379-424C-B920-3F958568B89E}.Debug|Any CPU.Build.0 = Debug|Any CPU
		{657D1DA8-4379-424C-B920-3F958568B89E}.Release|Any CPU.ActiveCfg = Release|Any CPU
		{657D1DA8-4379-424C-B920-3F958568B89E}.Release|Any CPU.Build.0 = Release|Any CPU
		{4BBF4304-0988-4D94-90D2-7537CE5D0823}.Debug|Any CPU.ActiveCfg = Debug|Any CPU
		{4BBF4304-0988-4D94-90D2-7537CE5D0823}.Debug|Any CPU.Build.0 = Debug|Any CPU
		{4BBF4304-0988-4D94-90D2-7537CE5D0823}.Release|Any CPU.ActiveCfg = Release|Any CPU
		{4BBF4304-0988-4D94-90D2-7537CE5D0823}.Release|Any CPU.Build.0 = Release|Any CPU
	EndGlobalSection
	GlobalSection(SolutionProperties) = preSolution
		HideSolutionNode = FALSE
	EndGlobalSection
	GlobalSection(ExtensibilityGlobals) = postSolution
		SolutionGuid = {C9A53E31-4459-46CB-8740-BDB55F83085B}
	EndGlobalSection
EndGlobal
